version = 1
revision = 2
requires-python = ">=3.12"

[[package]]
name = "python-dotenv"
version = "1.1.0"
source = { registry = "https://pypi.org/simple" }
sdist = { url = "https://files.pythonhosted.org/packages/88/2c/7bb1416c5620485aa793f2de31d3df393d3686aa8a8506d11e10e13c5baf/python_dotenv-1.1.0.tar.gz", hash = "sha256:41f90bc6f5f177fb41f53e87666db362025010eb28f60a01c9143bfa33a2b2d5", size = 39920, upload-time = "2025-03-25T10:14:56.835Z" }
wheels = [
    { url = "https://files.pythonhosted.org/packages/1e/18/98a99ad95133c6a6e2005fe89faedf294a748bd5dc803008059409ac9b1e/python_dotenv-1.1.0-py3-none-any.whl", hash = "sha256:d7c01d9e2293916c18baf562d95698754b0dbbb5e74d457c45d4f6561fb9d55d", size = 20256, upload-time = "2025-03-25T10:14:55.034Z" },
]

[[package]]
name = "ruff"
version = "0.11.11"
source = { registry = "https://pypi.org/simple" }
sdist = { url = "https://files.pythonhosted.org/packages/b2/53/ae4857030d59286924a8bdb30d213d6ff22d8f0957e738d0289990091dd8/ruff-0.11.11.tar.gz", hash = "sha256:7774173cc7c1980e6bf67569ebb7085989a78a103922fb83ef3dfe230cd0687d", size = 4186707, upload-time = "2025-05-22T19:19:34.363Z" }
wheels = [
    { url = "https://files.pythonhosted.org/packages/b1/14/f2326676197bab099e2a24473158c21656fbf6a207c65f596ae15acb32b9/ruff-0.11.11-py3-none-linux_armv6l.whl", hash = "sha256:9924e5ae54125ed8958a4f7de320dab7380f6e9fa3195e3dc3b137c6842a0092", size = 10229049, upload-time = "2025-05-22T19:18:45.516Z" },
    { url = "https://files.pythonhosted.org/packages/9a/f3/bff7c92dd66c959e711688b2e0768e486bbca46b2f35ac319bb6cce04447/ruff-0.11.11-py3-none-macosx_10_12_x86_64.whl", hash = "sha256:c8a93276393d91e952f790148eb226658dd275cddfde96c6ca304873f11d2ae4", size = 11053601, upload-time = "2025-05-22T19:18:49.269Z" },
    { url = "https://files.pythonhosted.org/packages/e2/38/8e1a3efd0ef9d8259346f986b77de0f62c7a5ff4a76563b6b39b68f793b9/ruff-0.11.11-py3-none-macosx_11_0_arm64.whl", hash = "sha256:d6e333dbe2e6ae84cdedefa943dfd6434753ad321764fd937eef9d6b62022bcd", size = 10367421, upload-time = "2025-05-22T19:18:51.754Z" },
    { url = "https://files.pythonhosted.org/packages/b4/50/557ad9dd4fb9d0bf524ec83a090a3932d284d1a8b48b5906b13b72800e5f/ruff-0.11.11-py3-none-manylinux_2_17_aarch64.manylinux2014_aarch64.whl", hash = "sha256:7885d9a5e4c77b24e8c88aba8c80be9255fa22ab326019dac2356cff42089fc6", size = 10581980, upload-time = "2025-05-22T19:18:54.011Z" },
    { url = "https://files.pythonhosted.org/packages/c4/b2/e2ed82d6e2739ece94f1bdbbd1d81b712d3cdaf69f0a1d1f1a116b33f9ad/ruff-0.11.11-py3-none-manylinux_2_17_armv7l.manylinux2014_armv7l.whl", hash = "sha256:1b5ab797fcc09121ed82e9b12b6f27e34859e4227080a42d090881be888755d4", size = 10089241, upload-time = "2025-05-22T19:18:56.041Z" },
    { url = "https://files.pythonhosted.org/packages/3d/9f/b4539f037a5302c450d7c695c82f80e98e48d0d667ecc250e6bdeb49b5c3/ruff-0.11.11-py3-none-manylinux_2_17_i686.manylinux2014_i686.whl", hash = "sha256:e231ff3132c1119ece836487a02785f099a43992b95c2f62847d29bace3c75ac", size = 11699398, upload-time = "2025-05-22T19:18:58.248Z" },
    { url = "https://files.pythonhosted.org/packages/61/fb/32e029d2c0b17df65e6eaa5ce7aea5fbeaed22dddd9fcfbbf5fe37c6e44e/ruff-0.11.11-py3-none-manylinux_2_17_ppc64.manylinux2014_ppc64.whl", hash = "sha256:a97c9babe1d4081037a90289986925726b802d180cca784ac8da2bbbc335f709", size = 12427955, upload-time = "2025-05-22T19:19:00.981Z" },
    { url = "https://files.pythonhosted.org/packages/6e/e3/160488dbb11f18c8121cfd588e38095ba779ae208292765972f7732bfd95/ruff-0.11.11-py3-none-manylinux_2_17_ppc64le.manylinux2014_ppc64le.whl", hash = "sha256:d8c4ddcbe8a19f59f57fd814b8b117d4fcea9bee7c0492e6cf5fdc22cfa563c8", size = 12069803, upload-time = "2025-05-22T19:19:03.258Z" },
    { url = "https://files.pythonhosted.org/packages/ff/16/3b006a875f84b3d0bff24bef26b8b3591454903f6f754b3f0a318589dcc3/ruff-0.11.11-py3-none-manylinux_2_17_s390x.manylinux2014_s390x.whl", hash = "sha256:6224076c344a7694c6fbbb70d4f2a7b730f6d47d2a9dc1e7f9d9bb583faf390b", size = 11242630, upload-time = "2025-05-22T19:19:05.871Z" },
    { url = "https://files.pythonhosted.org/packages/65/0d/0338bb8ac0b97175c2d533e9c8cdc127166de7eb16d028a43c5ab9e75abd/ruff-0.11.11-py3-none-manylinux_2_17_x86_64.manylinux2014_x86_64.whl", hash = "sha256:882821fcdf7ae8db7a951df1903d9cb032bbe838852e5fc3c2b6c3ab54e39875", size = 11507310, upload-time = "2025-05-22T19:19:08.584Z" },
    { url = "https://files.pythonhosted.org/packages/6f/bf/d7130eb26174ce9b02348b9f86d5874eafbf9f68e5152e15e8e0a392e4a3/ruff-0.11.11-py3-none-musllinux_1_2_aarch64.whl", hash = "sha256:dcec2d50756463d9df075a26a85a6affbc1b0148873da3997286caf1ce03cae1", size = 10441144, upload-time = "2025-05-22T19:19:13.621Z" },
    { url = "https://files.pythonhosted.org/packages/b3/f3/4be2453b258c092ff7b1761987cf0749e70ca1340cd1bfb4def08a70e8d8/ruff-0.11.11-py3-none-musllinux_1_2_armv7l.whl", hash = "sha256:99c28505ecbaeb6594701a74e395b187ee083ee26478c1a795d35084d53ebd81", size = 10081987, upload-time = "2025-05-22T19:19:15.821Z" },
    { url = "https://files.pythonhosted.org/packages/6c/6e/dfa4d2030c5b5c13db158219f2ec67bf333e8a7748dccf34cfa2a6ab9ebc/ruff-0.11.11-py3-none-musllinux_1_2_i686.whl", hash = "sha256:9263f9e5aa4ff1dec765e99810f1cc53f0c868c5329b69f13845f699fe74f639", size = 11073922, upload-time = "2025-05-22T19:19:18.104Z" },
    { url = "https://files.pythonhosted.org/packages/ff/f4/f7b0b0c3d32b593a20ed8010fa2c1a01f2ce91e79dda6119fcc51d26c67b/ruff-0.11.11-py3-none-musllinux_1_2_x86_64.whl", hash = "sha256:64ac6f885e3ecb2fdbb71de2701d4e34526651f1e8503af8fb30d4915a3fe345", size = 11568537, upload-time = "2025-05-22T19:19:20.889Z" },
    { url = "https://files.pythonhosted.org/packages/d2/46/0e892064d0adc18bcc81deed9aaa9942a27fd2cd9b1b7791111ce468c25f/ruff-0.11.11-py3-none-win32.whl", hash = "sha256:1adcb9a18802268aaa891ffb67b1c94cd70578f126637118e8099b8e4adcf112", size = 10536492, upload-time = "2025-05-22T19:19:23.642Z" },
    { url = "https://files.pythonhosted.org/packages/1b/d9/232e79459850b9f327e9f1dc9c047a2a38a6f9689e1ec30024841fc4416c/ruff-0.11.11-py3-none-win_amd64.whl", hash = "sha256:748b4bb245f11e91a04a4ff0f96e386711df0a30412b9fe0c74d5bdc0e4a531f", size = 11612562, upload-time = "2025-05-22T19:19:27.013Z" },
    { url = "https://files.pythonhosted.org/packages/ce/eb/09c132cff3cc30b2e7244191dcce69437352d6d6709c0adf374f3e6f476e/ruff-0.11.11-py3-none-win_arm64.whl", hash = "sha256:6c51f136c0364ab1b774767aa8b86331bd8e9d414e2d107db7a2189f35ea1f7b", size = 10735951, upload-time = "2025-05-22T19:19:30.043Z" },
]

[[package]]
name = "slack-bolt"
version = "1.23.0"
source = { registry = "https://pypi.org/simple" }
dependencies = [
    { name = "slack-sdk" },
]
sdist = { url = "https://files.pythonhosted.org/packages/a5/c9/7421458765061cb98e01a12d6cadc273ee35e75856b0073ec7c3efa5cf46/slack_bolt-1.23.0.tar.gz", hash = "sha256:3d2c3eb13131407a94f925eb22b180d352c2d97b808303ef92b7a46d6508c843", size = 130659, upload-time = "2025-03-19T18:03:13.266Z" }
wheels = [
    { url = "https://files.pythonhosted.org/packages/c8/48/6f435d702a680307488c7d8d3bd6e12552bbf2ff3e0eb67ccb7d0850d122/slack_bolt-1.23.0-py2.py3-none-any.whl", hash = "sha256:6d6ae39d80c964c362505ae4e587eed2b26dbc3a9f0cb76af1150c30fb670488", size = 229691, upload-time = "2025-03-19T18:03:11.878Z" },
]

[[package]]
name = "slack-notification"
version = "0.1.0"
source = { virtual = "." }
dependencies = [
    { name = "python-dotenv" },
    { name = "ruff" },
    { name = "slack-bolt" },
    { name = "ty" },
]

[package.metadata]
requires-dist = [
    { name = "python-dotenv", specifier = ">=1.1.0" },
    { name = "ruff", specifier = ">=0.11.11" },
    { name = "slack-bolt", specifier = ">=1.23.0" },
    { name = "ty", specifier = ">=0.0.1a6" },
]

[[package]]
name = "slack-sdk"
version = "3.35.0"
source = { registry = "https://pypi.org/simple" }
sdist = { url = "https://files.pythonhosted.org/packages/32/a5/13077a5696ded22cc955ff6314028b7e6140b1c989b19ca27a6b26590e6e/slack_sdk-3.35.0.tar.gz", hash = "sha256:8183b6cbf26a0c1e2441478cd9c0dc4eef08d60c1394cfdc9a769e309a9b6459", size = 232887, upload-time = "2025-03-17T15:32:51.959Z" }
wheels = [
    { url = "https://files.pythonhosted.org/packages/32/8e/eed71dc79a187ba32681f12a104786ab89355bc474082211d92e1fba6bcf/slack_sdk-3.35.0-py2.py3-none-any.whl", hash = "sha256:00933d171fbd8a068b321ebb5f89612cc781d3183d8e3447c85499eca9d865be", size = 293272, upload-time = "2025-03-17T15:32:50.294Z" },
]

[[package]]
name = "ty"
version = "0.0.1a6"
source = { registry = "https://pypi.org/simple" }
sdist = { url = "https://files.pythonhosted.org/packages/df/e1/51b199bc3cfa71ef26af6a7254bd2a2e70e0f7983165666a08a1ef158bf1/ty-0.0.1a6.tar.gz", hash = "sha256:0b75642d7326c7abb7fa4a9efcc3cb818d4fa4224dab1fc8fb273c8ed02f34f2", size = 2882923, upload-time = "2025-05-20T20:00:23.158Z" }
wheels = [
    { url = "https://files.pythonhosted.org/packages/8e/ba/1fcd0f69e13c015e4e6cc1ddaeaf3b44805cf8c67a08f2863d077a563d30/ty-0.0.1a6-py3-none-linux_armv6l.whl", hash = "sha256:c048675934f51d74f05541ad231470c0093805fae06b117634fdac4c9cba456a", size = 6209597, upload-time = "2025-05-20T19:59:51.321Z" },
    { url = "https://files.pythonhosted.org/packages/df/16/8754d24634ddfea333d1818c981b20c929f93a7ea26235622c371068f3bf/ty-0.0.1a6-py3-none-macosx_10_12_x86_64.whl", hash = "sha256:96e14bf1dae72042a6207ea94d8f34d5175cb604d196df28012444108e6b0988", size = 6320566, upload-time = "2025-05-20T19:59:53.583Z" },
    { url = "https://files.pythonhosted.org/packages/5a/9d/3b935a7f18f088f113cc94c72caefd34616dde87d0b08a5dfa2f696b3758/ty-0.0.1a6-py3-none-macosx_11_0_arm64.whl", hash = "sha256:568b76a20b3cf4834085bd37005d6d13b4460d3fcd001313cc1993224e965029", size = 5991132, upload-time = "2025-05-20T19:59:55.653Z" },
    { url = "https://files.pythonhosted.org/packages/bd/26/1fb0664521b35b5b4b16c9ca56363c514994f5fda8200aef28380b08814c/ty-0.0.1a6-py3-none-manylinux_2_17_aarch64.manylinux2014_aarch64.whl", hash = "sha256:9502e4e55530643225c94d62f52cb7ab7370dca57f4ab10c36aae410642a966a", size = 6116609, upload-time = "2025-05-20T19:59:57.972Z" },
    { url = "https://files.pythonhosted.org/packages/09/7b/9cbd5c26bd0a7e32a76e94ede53c121d7f4c0fd27027df9241bec41a17b4/ty-0.0.1a6-py3-none-manylinux_2_17_armv7l.manylinux2014_armv7l.whl", hash = "sha256:2c38c47eea702de710282f4fa38e2b08a9b2dc54db88878fa01a69340e41649d", size = 6092564, upload-time = "2025-05-20T19:59:59.571Z" },
    { url = "https://files.pythonhosted.org/packages/92/e8/80afb960fcc410406ba63b4e7faa2cd4c4ca9a39ef45824815ae1f7d69a2/ty-0.0.1a6-py3-none-manylinux_2_17_i686.manylinux2014_i686.whl", hash = "sha256:b03f759225a8b3aca23166e2193ecae9fbe9d93c03f598ce7c66d898b5b595cd", size = 6801821, upload-time = "2025-05-20T20:00:01.646Z" },
    { url = "https://files.pythonhosted.org/packages/09/26/0bc96499e02134f13b64e3f2b94385e0ed524b9146fef2533eee5a3752ef/ty-0.0.1a6-py3-none-manylinux_2_17_ppc64.manylinux2014_ppc64.whl", hash = "sha256:e6f458a58f52af3b3b0e42555765eb03ee158007e6fd3d395c03c44aef5412b9", size = 7192366, upload-time = "2025-05-20T20:00:03.747Z" },
    { url = "https://files.pythonhosted.org/packages/95/85/46b890e38661f3632aba362ef2030c52c5a6ae7ba85ba4206ea4a58cd223/ty-0.0.1a6-py3-none-manylinux_2_17_ppc64le.manylinux2014_ppc64le.whl", hash = "sha256:c3b5355df3185722823645e551e2c89c17dac0026814f6f7c40515cf4c036ccc", size = 6868443, upload-time = "2025-05-20T20:00:07.014Z" },
    { url = "https://files.pythonhosted.org/packages/d6/4a/64fd394ced367ed06dedaf0ffd74c3d6bd83b56140efced5a93b097732a9/ty-0.0.1a6-py3-none-manylinux_2_17_s390x.manylinux2014_s390x.whl", hash = "sha256:7c2a29fe5c4bcee2dce927195378d39fcc5614f3d6c22283134139ce14aefb22", size = 6765955, upload-time = "2025-05-20T20:00:08.628Z" },
    { url = "https://files.pythonhosted.org/packages/31/09/f8152ed81b62232e1806001860fec71d55ae7f7e455e662959cf15eb06c1/ty-0.0.1a6-py3-none-manylinux_2_17_x86_64.manylinux2014_x86_64.whl", hash = "sha256:f2dac891e1b066a645c85abe68885a0ea9eb52685ea6251fdc369b2cfdab10c6", size = 6583814, upload-time = "2025-05-20T20:00:10.264Z" },
    { url = "https://files.pythonhosted.org/packages/96/b0/f21c269e5a52a5f4975c881f724221ed58b5624cf9fc77585ee7aa12bbb9/ty-0.0.1a6-py3-none-musllinux_1_2_aarch64.whl", hash = "sha256:ab9ee318c7aa2e538213a1ecb63ecb93952a62da9532f19985994aa8ed31c085", size = 6031710, upload-time = "2025-05-20T20:00:11.836Z" },
    { url = "https://files.pythonhosted.org/packages/11/4f/fac32f1c3906add7a5ce07558d78bcdf9f65d47d92f195ef967085f7e9db/ty-0.0.1a6-py3-none-musllinux_1_2_armv7l.whl", hash = "sha256:2731917df3d16969a39279fc2e2ad431d33fa2d2dcd73784814873c4b69a1491", size = 6115148, upload-time = "2025-05-20T20:00:13.528Z" },
    { url = "https://files.pythonhosted.org/packages/28/d5/b2630abc0e2ebe2afc0305d5ac0b37605b72b534b4fc1894b3c2cbfb71b7/ty-0.0.1a6-py3-none-musllinux_1_2_i686.whl", hash = "sha256:b9e118763be86439bf10b934f2081425f0acdd03a0448ffd9e4bf3bd79bf7c12", size = 6505866, upload-time = "2025-05-20T20:00:15.234Z" },
    { url = "https://files.pythonhosted.org/packages/fb/8f/8050cf23e1906cfcd03be63ad05f5ca05f6a2879b6e1bcd9dc9893cac10f/ty-0.0.1a6-py3-none-musllinux_1_2_x86_64.whl", hash = "sha256:e7f89267039d76d97e6a836540b98ae6f488d41a0e87cc00fba23210cce7704c", size = 6649270, upload-time = "2025-05-20T20:00:16.893Z" },
    { url = "https://files.pythonhosted.org/packages/1b/37/0c190a02395179dc8bcb1371ba32e5430f338fabf51b5dd8b4d4b5618c0d/ty-0.0.1a6-py3-none-win32.whl", hash = "sha256:92120c60b7a8092685cf2ba76efcb0fa0e0230299180c834e5ef7a3d856d0028", size = 5930254, upload-time = "2025-05-20T20:00:18.471Z" },
    { url = "https://files.pythonhosted.org/packages/22/79/13f529190ee2341d031b801ec53b2c6955e90d79f8b9159307574b9b2a2d/ty-0.0.1a6-py3-none-win_amd64.whl", hash = "sha256:76914b30b7d690582c20ca340f964585a89c5dc3f18a9f231a74b317af3a0b76", size = 6392039, upload-time = "2025-05-20T20:00:20.114Z" },
    { url = "https://files.pythonhosted.org/packages/fc/01/e0c31f37ba0c43817f4d0093396eba29ab7144e155792222e817ed2dc3bb/ty-0.0.1a6-py3-none-win_arm64.whl", hash = "sha256:e21514d0b86b84b7808dea8fbeb5395417e3d5c8ddda24ba91b5bfeb7268385b", size = 6052034, upload-time = "2025-05-20T20:00:21.71Z" },
]
